
Microsoft Visual Studio Solution File, Format Version 12.00
# Visual Studio Version 17
VisualStudioVersion = 17.0.31903.59
MinimumVisualStudioVersion = 10.0.40219.1
Project("{FAE04EC0-301F-11D3-BF4B-00C04F79EFBC}") = "TraceListener", "TraceListener\TraceListener.csproj", "{0EDF8B38-C18D-4B7C-AD6B-2AABFE1AD888}"
EndProject
Project("{FAE04EC0-301F-11D3-BF4B-00C04F79EFBC}") = "SampleAppWithListener", "SampleAppWithListener\SampleAppWithListener.csproj", "{1E763C28-383C-4E93-AAE0-7A4E1002EC99}"
EndProject
Global
	GlobalSection(SolutionConfigurationPlatforms) = preSolution
		Debug|Any CPU = Debug|Any CPU
		Release|Any CPU = Release|Any CPU
	EndGlobalSection
	GlobalSection(SolutionProperties) = preSolution
		HideSolutionNode = FALSE
	EndGlobalSection
	GlobalSection(ProjectConfigurationPlatforms) = postSolution
		{0EDF8B38-C18D-4B7C-AD6B-2AABFE1AD888}.Debug|Any CPU.ActiveCfg = Debug|Any CPU
		{0EDF8B38-C18D-4B7C-AD6B-2AABFE1AD888}.Debug|Any CPU.Build.0 = Debug|Any CPU
		{0EDF8B38-C18D-4B7C-AD6B-2AABFE1AD888}.Release|Any CPU.ActiveCfg = Release|Any CPU
		{0EDF8B38-C18D-4B7C-AD6B-2AABFE1AD888}.Release|Any CPU.Build.0 = Release|Any CPU
		{1E763C28-383C-4E93-AAE0-7A4E1002EC99}.Debug|Any CPU.ActiveCfg = Debug|Any CPU
		{1E763C28-383C-4E93-AAE0-7A4E1002EC99}.Debug|Any CPU.Build.0 = Debug|Any CPU
		{1E763C28-383C-4E93-AAE0-7A4E1002EC99}.Release|Any CPU.ActiveCfg = Release|Any CPU
		{1E763C28-383C-4E93-AAE0-7A4E1002EC99}.Release|Any CPU.Build.0 = Release|Any CPU
	EndGlobalSection
EndGlobal
